// !$*UTF8*$!
{
	archiveVersion = 1;
	classes = {
	};
	objectVersion = 46;
	objects = {

/* Begin PBXBuildFile section */
		793D5CAC1D0A2AF400A76D3A /* main.m in Sources */ = {isa = PBXBuildFile; fileRef = 793D5CAB1D0A2AF400A76D3A /* main.m */; };
		793D5CAF1D0A2AF400A76D3A /* AppDelegate.m in Sources */ = {isa = PBXBuildFile; fileRef = 793D5CAE1D0A2AF400A76D3A /* AppDelegate.m */; };
		793D5CB21D0A2AF400A76D3A /* ViewController.m in Sources */ = {isa = PBXBuildFile; fileRef = 793D5CB11D0A2AF400A76D3A /* ViewController.m */; };
		793D5CB51D0A2AF400A76D3A /* Main.storyboard in Resources */ = {isa = PBXBuildFile; fileRef = 793D5CB31D0A2AF400A76D3A /* Main.storyboard */; };
		793D5CB71D0A2AF400A76D3A /* Assets.xcassets in Resources */ = {isa = PBXBuildFile; fileRef = 793D5CB61D0A2AF400A76D3A /* Assets.xcassets */; };
		793D5CBA1D0A2AF400A76D3A /* LaunchScreen.storyboard in Resources */ = {isa = PBXBuildFile; fileRef = 793D5CB81D0A2AF400A76D3A /* LaunchScreen.storyboard */; };
/* End PBXBuildFile section */

/* Begin PBXFileReference section */
		793D5CA71D0A2AF400A76D3A /* GithubTest.app */ = {isa = PBXFileReference; explicitFileType = wrapper.application; includeInIndex = 0; path = GithubTest.app; sourceTree = BUILT_PRODUCTS_DIR; };
		793D5CAB1D0A2AF400A76D3A /* main.m */ = {isa = PBXFileReference; lastKnownFileType = sourcecode.c.objc; path = main.m; sourceTree = "<group>"; };
		793D5CAD1D0A2AF400A76D3A /* AppDelegate.h */ = {isa = PBXFileReference; lastKnownFileType = sourcecode.c.h; path = AppDelegate.h; sourceTree = "<group>"; };
		793D5CAE1D0A2AF400A76D3A /* AppDelegate.m */ = {isa = PBXFileReference; lastKnownFileType = sourcecode.c.objc; path = AppDelegate.m; sourceTree = "<group>"; };
		793D5CB01D0A2AF400A76D3A /* ViewController.h */ = {isa = PBXFileReference; lastKnownFileType = sourcecode.c.h; path = ViewController.h; sourceTree = "<group>"; };
		793D5CB11D0A2AF400A76D3A /* ViewController.m */ = {isa = PBXFileReference; lastKnownFileType = sourcecode.c.objc; path = ViewController.m; sourceTree = "<group>"; };
		793D5CB41D0A2AF400A76D3A /* Base */ = {isa = PBXFileReference; lastKnownFileType = file.storyboard; name = Base; path = Base.lproj/Main.storyboard; sourceTree = "<group>"; };
		793D5CB61D0A2AF400A76D3A /* Assets.xcassets */ = {isa = PBXFileReference; lastKnownFileType = folder.assetcatalog; path = Assets.xcassets; sourceTree = "<group>"; };
		793D5CB91D0A2AF400A76D3A /* Base */ = {isa = PBXFileReference; lastKnownFileType = file.storyboard; name = Base; path = Base.lproj/LaunchScreen.storyboard; sourceTree = "<group>"; };
		793D5CBB1D0A2AF400A76D3A /* Info.plist */ = {isa = PBXFileReference; lastKnownFileType = text.plist.xml; path = Info.plist; sourceTree = "<group>"; };
/* End PBXFileReference section */

/* Begin PBXFrameworksBuildPhase section */
		793D5CA41D0A2AF400A76D3A /* Frameworks */ = {
			isa = PBXFrameworksBuildPhase;
			buildActionMask = 2147483647;
			files = (
			);
			runOnlyForDeploymentPostprocessing = 0;
		};
/* End PBXFrameworksBuildPhase section */

/* Begin PBXGroup section */
		793D5C9E1D0A2AF400A76D3A = {
			isa = PBXGroup;
			children = (
				793D5CA91D0A2AF400A76D3A /* GithubTest */,
				793D5CA81D0A2AF400A76D3A /* Products */,
			);
			sourceTree = "<group>";
		};
		793D5CA81D0A2AF400A76D3A /* Products */ = {
			isa = PBXGroup;
			children = (
				793D5CA71D0A2AF400A76D3A /* GithubTest.app */,
			);
			name = Products;
			sourceTree = "<group>";
		};
		793D5CA91D0A2AF400A76D3A /* GithubTest */ = {
			isa = PBXGroup;
			children = (
				793D5CAD1D0A2AF400A76D3A /* AppDelegate.h */,
				793D5CAE1D0A2AF400A76D3A /* AppDelegate.m */,
				793D5CB01D0A2AF400A76D3A /* ViewController.h */,
				793D5CB11D0A2AF400A76D3A /* ViewController.m */,
				793D5CB31D0A2AF400A76D3A /* Main.storyboard */,
				793D5CB61D0A2AF400A76D3A /* Assets.xcassets */,
				793D5CB81D0A2AF400A76D3A /* LaunchScreen.storyboard */,
				793D5CBB1D0A2AF400A76D3A /* Info.plist */,
				793D5CAA1D0A2AF400A76D3A /* Supporting Files */,
			);
			path = GithubTest;
			sourceTree = "<group>";
		};
		793D5CAA1D0A2AF400A76D3A /* Supporting Files */ = {
			isa = PBXGroup;
			children = (
				793D5CAB1D0A2AF400A76D3A /* main.m */,
			);
			name = "Supporting Files";
			sourceTree = "<group>";
		};
/* End PBXGroup section */

/* Begin PBXNativeTarget section */
		793D5CA61D0A2AF400A76D3A /* GithubTest */ = {
			isa = PBXNativeTarget;
			buildConfigurationList = 793D5CBE1D0A2AF400A76D3A /* Build configuration list for PBXNativeTarget "GithubTest" */;
			buildPhases = (
				793D5CA31D0A2AF400A76D3A /* Sources */,
				793D5CA41D0A2AF400A76D3A /* Frameworks */,
				793D5CA51D0A2AF400A76D3A /* Resources */,
			);
			buildRules = (
			);
			dependencies = (
			);
			name = GithubTest;
			productName = GithubTest;
			productReference = 793D5CA71D0A2AF400A76D3A /* GithubTest.app */;
			productType = "com.apple.product-type.application";
		};
/* End PBXNativeTarget section */

/* Begin PBXProject section */
		793D5C9F1D0A2AF400A76D3A /* Project object */ = {
			isa = PBXProject;
			attributes = {
				LastUpgradeCheck = 0730;
				ORGANIZATIONNAME = "Luis Arturo Gutierrez";
				TargetAttributes = {
					793D5CA61D0A2AF400A76D3A = {
						CreatedOnToolsVersion = 7.3;
					};
				};
			};
			buildConfigurationList = 793D5CA21D0A2AF400A76D3A /* Build configuration list for PBXProject "GithubTest" */;
			compatibilityVersion = "Xcode 3.2";
			developmentRegion = English;
			hasScannedForEncodings = 0;
			knownRegions = (
				en,
				Base,
			);
			mainGroup = 793D5C9E1D0A2AF400A76D3A;
			productRefGroup = 793D5CA81D0A2AF400A76D3A /* Products */;
			projectDirPath = "";
			projectRoot = "";
			targets = (
				793D5CA61D0A2AF400A76D3A /* GithubTest */,
			);
		};
/* End PBXProject section */

/* Begin PBXResourcesBuildPhase section */
		793D5CA51D0A2AF400A76D3A /* Resources */ = {
			isa = PBXResourcesBuildPhase;
			buildActionMask = 2147483647;
			files = (
				793D5CBA1D0A2AF400A76D3A /* LaunchScreen.storyboard in Resources */,
				793D5CB71D0A2AF400A76D3A /* Assets.xcassets in Resources */,
				793D5CB51D0A2AF400A76D3A /* Main.storyboard in Resources */,
			);
			runOnlyForDeploymentPostprocessing = 0;
		};
/* End PBXResourcesBuildPhase section */

/* Begin PBXSourcesBuildPhase section */
		793D5CA31D0A2AF400A76D3A /* Sources */ = {
			isa = PBXSourcesBuildPhase;
			buildActionMask = 2147483647;
			files = (
				793D5CB21D0A2AF400A76D3A /* ViewController.m in Sources */,
				793D5CAF1D0A2AF400A76D3A /* AppDelegate.m in Sources */,
				793D5CAC1D0A2AF400A76D3A /* main.m in Sources */,
			);
			runOnlyForDeploymentPostprocessing = 0;
		};
/* End PBXSourcesBuildPhase section */

/* Begin PBXVariantGroup section */
		793D5CB31D0A2AF400A76D3A /* Main.storyboard */ = {
			isa = PBXVariantGroup;
			children = (
				793D5CB41D0A2AF400A76D3A /* Base */,
			);
			name = Main.storyboard;
			sourceTree = "<group>";
		};
		793D5CB81D0A2AF400A76D3A /* LaunchScreen.storyboard */ = {
			isa = PBXVariantGroup;
			children = (
				793D5CB91D0A2AF400A76D3A /* Base */,
			);
			name = LaunchScreen.storyboard;
			sourceTree = "<group>";
		};
/* End PBXVariantGroup section */

/* Begin XCBuildConfiguration section */
		793D5CBC1D0A2AF400A76D3A /* Debug */ = {
			isa = XCBuildConfiguration;
			buildSettings = {
				ALWAYS_SEARCH_USER_PATHS = NO;
				CLANG_ANALYZER_NONNULL = YES;
				CLANG_CXX_LANGUAGE_STANDARD = "gnu++0x";
				CLANG_CXX_LIBRARY = "libc++";
				CLANG_ENABLE_MODULES = YES;
				CLANG_ENABLE_OBJC_ARC = YES;
				CLANG_WARN_BOOL_CONVERSION = YES;
				CLANG_WARN_CONSTANT_CONVERSION = YES;
				CLANG_WARN_DIRECT_OBJC_ISA_USAGE = YES_ERROR;
				CLANG_WARN_EMPTY_BODY = YES;
				CLANG_WARN_ENUM_CONVERSION = YES;
				CLANG_WARN_INT_CONVERSION = YES;
				CLANG_WARN_OBJC_ROOT_CLASS = YES_ERROR;
				CLANG_WARN_UNREACHABLE_CODE = YES;
				CLANG_WARN__DUPLICATE_METHOD_MATCH = YES;
				"CODE_SIGN_IDENTITY[sdk=iphoneos*]" = "iPhone Developer";
				COPY_PHASE_STRIP = NO;
				DEBUG_INFORMATION_FORMAT = dwarf;
				ENABLE_STRICT_OBJC_MSGSEND = YES;
				ENABLE_TESTABILITY = YES;
				GCC_C_LANGUAGE_STANDARD = gnu99;
				GCC_DYNAMIC_NO_PIC = NO;
				GCC_NO_COMMON_BLOCKS = YES;
				GCC_OPTIMIZATION_LEVEL = 0;
				GCC_PREPROCESSOR_DEFINITIONS = (
					"DEBUG=1",
					"$(inherited)",
				);
				GCC_WARN_64_TO_32_BIT_CONVERSION = YES;
				GCC_WARN_ABOUT_RETURN_TYPE = YES_ERROR;
				GCC_WARN_UNDECLARED_SELECTOR = YES;
				GCC_WARN_UNINITIALIZED_AUTOS = YES_AGGRESSIVE;
				GCC_WARN_UNUSED_FUNCTION = YES;
				GCC_WARN_UNUSED_VARIABLE = YES;
				IPHONEOS_DEPLOYMENT_TARGET = 9.3;
				MTL_ENABLE_DEBUG_INFO = YES;
				ONLY_ACTIVE_ARCH = YES;
				SDKROOT = iphoneos;
				TARGETED_DEVICE_FAMILY = "1,2";
			};
			name = Debug;
		};
		793D5CBD1D0A2AF400A76D3A /* Release */ = {
			isa = XCBuildConfiguration;
			buildSettings = {
				ALWAYS_SEARCH_USER_PATHS = NO;
				CLANG_ANALYZER_NONNULL = YES;
				CLANG_CXX_LANGUAGE_STANDARD = "gnu++0x";
				CLANG_CXX_LIBRARY = "libc++";
				CLANG_ENABLE_MODULES = YES;
				CLANG_ENABLE_OBJC_ARC = YES;
				CLANG_WARN_BOOL_CONVERSION = YES;
				CLANG_WARN_CONSTANT_CONVERSION = YES;
				CLANG_WARN_DIRECT_OBJC_ISA_USAGE = YES_ERROR;
				CLANG_WARN_EMPTY_BODY = YES;
				CLANG_WARN_ENUM_CONVERSION = YES;
				CLANG_WARN_INT_CONVERSION = YES;
				CLANG_WARN_OBJC_ROOT_CLASS = YES_ERROR;
				CLANG_WARN_UNREACHABLE_CODE = YES;
				CLANG_WARN__DUPLICATE_METHOD_MATCH = YES;
				"CODE_SIGN_IDENTITY[sdk=iphoneos*]" = "iPhone Developer";
				COPY_PHASE_STRIP = NO;
				DEBUG_INFORMATION_FORMAT = "dwarf-with-dsym";
				ENABLE_NS_ASSERTIONS = NO;
				ENABLE_STRICT_OBJC_MSGSEND = YES;
				GCC_C_LANGUAGE_STANDARD = gnu99;
				GCC_NO_COMMON_BLOCKS = YES;
				GCC_WARN_64_TO_32_BIT_CONVERSION = YES;
				GCC_WARN_ABOUT_RETURN_TYPE = YES_ERROR;
				GCC_WARN_UNDECLARED_SELECTOR = YES;
				GCC_WARN_UNINITIALIZED_AUTOS = YES_AGGRESSIVE;
				GCC_WARN_UNUSED_FUNCTION = YES;
				GCC_WARN_UNUSED_VARIABLE = YES;
				IPHONEOS_DEPLOYMENT_TARGET = 9.3;
				MTL_ENABLE_DEBUG_INFO = NO;
				SDKROOT = iphoneos;
				TARGETED_DEVICE_FAMILY = "1,2";
				VALIDATE_PRODUCT = YES;
			};
			name = Release;
		};
		793D5CBF1D0A2AF400A76D3A /* Debug */ = {
			isa = XCBuildConfiguration;
			buildSettings = {
				ASSETCATALOG_COMPILER_APPICON_NAME = AppIcon;
				INFOPLIST_FILE = GithubTest/Info.plist;
				LD_RUNPATH_SEARCH_PATHS = "$(inherited) @executable_path/Frameworks";
				PRODUCT_BUNDLE_IDENTIFIER = com.arturo.GithubTest;
				PRODUCT_NAME = "$(TARGET_NAME)";
			};
			name = Debug;
		};
		793D5CC01D0A2AF400A76D3A /* Release */ = {
			isa = XCBuildConfiguration;
			buildSettings = {
				ASSETCATALOG_COMPILER_APPICON_NAME = AppIcon;
				INFOPLIST_FILE = GithubTest/Info.plist;
				LD_RUNPATH_SEARCH_PATHS = "$(inherited) @executable_path/Frameworks";
				PRODUCT_BUNDLE_IDENTIFIER = com.arturo.GithubTest;
				PRODUCT_NAME = "$(TARGET_NAME)";
			};
			name = Release;
		};
/* End XCBuildConfiguration section */

/* Begin XCConfigurationList section */
		793D5CA21D0A2AF400A76D3A /* Build configuration list for PBXProject "GithubTest" */ = {
			isa = XCConfigurationList;
			buildConfigurations = (
				793D5CBC1D0A2AF400A76D3A /* Debug */,
				793D5CBD1D0A2AF400A76D3A /* Release */,
			);
			defaultConfigurationIsVisible = 0;
			defaultConfigurationName = Release;
		};
		793D5CBE1D0A2AF400A76D3A /* Build configuration list for PBXNativeTarget "GithubTest" */ = {
			isa = XCConfigurationList;
			buildConfigurations = (
				793D5CBF1D0A2AF400A76D3A /* Debug */,
				793D5CC01D0A2AF400A76D3A /* Release */,
			);
			defaultConfigurationIsVisible = 0;
		};
/* End XCConfigurationList section */
	};
	rootObject = 793D5C9F1D0A2AF400A76D3A /* Project object */;
}
